
Microsoft Visual Studio Solution File, Format Version 12.00
# Visual Studio Version 16
VisualStudioVersion = 16.0.30320.27
MinimumVisualStudioVersion = 10.0.40219.1
Project("{9A19103F-16F7-4668-BE54-9A1E7A4F7556}") = "WebStore", "WebStore.csproj", "{931E5B89-8970-48D6-A8AC-09200E17B3D6}"
EndProject
Project("{FAE04EC0-301F-11D3-BF4B-00C04F79EFBC}") = "WebStore.Tests", "..\WebStore.Tests\WebStore.Tests.csproj", "{C5A15E4B-4606-4AF6-8967-AFB235BDC27D}"
EndProject
Global
	GlobalSection(SolutionConfigurationPlatforms) = preSolution
		Debug|Any CPU = Debug|Any CPU
		Release|Any CPU = Release|Any CPU
	EndGlobalSection
	GlobalSection(ProjectConfigurationPlatforms) = postSolution
		{931E5B89-8970-48D6-A8AC-09200E17B3D6}.Debug|Any CPU.ActiveCfg = Debug|Any CPU
		{931E5B89-8970-48D6-A8AC-09200E17B3D6}.Debug|Any CPU.Build.0 = Debug|Any CPU
		{931E5B89-8970-48D6-A8AC-09200E17B3D6}.Release|Any CPU.ActiveCfg = Release|Any CPU
		{931E5B89-8970-48D6-A8AC-09200E17B3D6}.Release|Any CPU.Build.0 = Release|Any CPU
		{C5A15E4B-4606-4AF6-8967-AFB235BDC27D}.Debug|Any CPU.ActiveCfg = Debug|Any CPU
		{C5A15E4B-4606-4AF6-8967-AFB235BDC27D}.Debug|Any CPU.Build.0 = Debug|Any CPU
		{C5A15E4B-4606-4AF6-8967-AFB235BDC27D}.Release|Any CPU.ActiveCfg = Release|Any CPU
		{C5A15E4B-4606-4AF6-8967-AFB235BDC27D}.Release|Any CPU.Build.0 = Release|Any CPU
	EndGlobalSection
	GlobalSection(SolutionProperties) = preSolution
		HideSolutionNode = FALSE
	EndGlobalSection
	GlobalSection(ExtensibilityGlobals) = postSolution
		SolutionGuid = {2EEACDD3-7F85-4696-B454-D5AF2C7FB102}
	EndGlobalSection
EndGlobal
